// !$*UTF8*$!
{
	archiveVersion = 1;
	classes = {
	};
	objectVersion = 50;
	objects = {

/* Begin PBXBuildFile section */
		465DFD16275FB45E00EEE8B3 /* AppDelegate.swift in Sources */ = {isa = PBXBuildFile; fileRef = 465DFD15275FB45E00EEE8B3 /* AppDelegate.swift */; };
		465DFD18275FB45E00EEE8B3 /* SceneDelegate.swift in Sources */ = {isa = PBXBuildFile; fileRef = 465DFD17275FB45E00EEE8B3 /* SceneDelegate.swift */; };
		465DFD1A275FB45E00EEE8B3 /* ViewController.swift in Sources */ = {isa = PBXBuildFile; fileRef = 465DFD19275FB45E00EEE8B3 /* ViewController.swift */; };
		465DFD1D275FB45E00EEE8B3 /* Main.storyboard in Resources */ = {isa = PBXBuildFile; fileRef = 465DFD1B275FB45E00EEE8B3 /* Main.storyboard */; };
		465DFD1F275FB46800EEE8B3 /* Assets.xcassets in Resources */ = {isa = PBXBuildFile; fileRef = 465DFD1E275FB46800EEE8B3 /* Assets.xcassets */; };
		465DFD22275FB46800EEE8B3 /* LaunchScreen.storyboard in Resources */ = {isa = PBXBuildFile; fileRef = 465DFD20275FB46800EEE8B3 /* LaunchScreen.storyboard */; };
		46721D4827637E73002B967A /* CustomTableViewCell.swift in Sources */ = {isa = PBXBuildFile; fileRef = 46721D4727637E73002B967A /* CustomTableViewCell.swift */; };
		46BB622B276362AB00D6B67C /* ArtDetailsController.swift in Sources */ = {isa = PBXBuildFile; fileRef = 46BB622A276362AB00D6B67C /* ArtDetailsController.swift */; };
		46DB736C2762578800CA2EC7 /* UoL campus walk.gpx in Resources */ = {isa = PBXBuildFile; fileRef = 46DB736B2762578800CA2EC7 /* UoL campus walk.gpx */; };
/* End PBXBuildFile section */

/* Begin PBXFileReference section */
		465DFD12275FB45E00EEE8B3 /* ArtworkOnCampus.app */ = {isa = PBXFileReference; explicitFileType = wrapper.application; includeInIndex = 0; path = ArtworkOnCampus.app; sourceTree = BUILT_PRODUCTS_DIR; };
		465DFD15275FB45E00EEE8B3 /* AppDelegate.swift */ = {isa = PBXFileReference; lastKnownFileType = sourcecode.swift; path = AppDelegate.swift; sourceTree = "<group>"; };
		465DFD17275FB45E00EEE8B3 /* SceneDelegate.swift */ = {isa = PBXFileReference; lastKnownFileType = sourcecode.swift; path = SceneDelegate.swift; sourceTree = "<group>"; };
		465DFD19275FB45E00EEE8B3 /* ViewController.swift */ = {isa = PBXFileReference; lastKnownFileType = sourcecode.swift; path = ViewController.swift; sourceTree = "<group>"; };
		465DFD1C275FB45E00EEE8B3 /* Base */ = {isa = PBXFileReference; lastKnownFileType = file.storyboard; name = Base; path = Base.lproj/Main.storyboard; sourceTree = "<group>"; };
		465DFD1E275FB46800EEE8B3 /* Assets.xcassets */ = {isa = PBXFileReference; lastKnownFileType = folder.assetcatalog; path = Assets.xcassets; sourceTree = "<group>"; };
		465DFD21275FB46800EEE8B3 /* Base */ = {isa = PBXFileReference; lastKnownFileType = file.storyboard; name = Base; path = Base.lproj/LaunchScreen.storyboard; sourceTree = "<group>"; };
		465DFD23275FB46800EEE8B3 /* Info.plist */ = {isa = PBXFileReference; lastKnownFileType = text.plist.xml; path = Info.plist; sourceTree = "<group>"; };
		46721D4727637E73002B967A /* CustomTableViewCell.swift */ = {isa = PBXFileReference; lastKnownFileType = sourcecode.swift; path = CustomTableViewCell.swift; sourceTree = "<group>"; };
		46BB622A276362AB00D6B67C /* ArtDetailsController.swift */ = {isa = PBXFileReference; lastKnownFileType = sourcecode.swift; path = ArtDetailsController.swift; sourceTree = "<group>"; };
		46DB736B2762578800CA2EC7 /* UoL campus walk.gpx */ = {isa = PBXFileReference; fileEncoding = 4; lastKnownFileType = text.xml; name = "UoL campus walk.gpx"; path = "../../../Downloads/UoL campus walk.gpx"; sourceTree = "<group>"; };
/* End PBXFileReference section */

/* Begin PBXFrameworksBuildPhase section */
		465DFD0F275FB45E00EEE8B3 /* Frameworks */ = {
			isa = PBXFrameworksBuildPhase;
			buildActionMask = 2147483647;
			files = (
			);
			runOnlyForDeploymentPostprocessing = 0;
		};
/* End PBXFrameworksBuildPhase section */

/* Begin PBXGroup section */
		465DFD09275FB45E00EEE8B3 = {
			isa = PBXGroup;
			children = (
				465DFD14275FB45E00EEE8B3 /* ArtworkOnCampus */,
				465DFD13275FB45E00EEE8B3 /* Products */,
			);
			sourceTree = "<group>";
		};
		465DFD13275FB45E00EEE8B3 /* Products */ = {
			isa = PBXGroup;
			children = (
				465DFD12275FB45E00EEE8B3 /* ArtworkOnCampus.app */,
			);
			name = Products;
			sourceTree = "<group>";
		};
		465DFD14275FB45E00EEE8B3 /* ArtworkOnCampus */ = {
			isa = PBXGroup;
			children = (
				465DFD15275FB45E00EEE8B3 /* AppDelegate.swift */,
				465DFD17275FB45E00EEE8B3 /* SceneDelegate.swift */,
				465DFD19275FB45E00EEE8B3 /* ViewController.swift */,
				46721D4727637E73002B967A /* CustomTableViewCell.swift */,
				46BB622A276362AB00D6B67C /* ArtDetailsController.swift */,
				465DFD1B275FB45E00EEE8B3 /* Main.storyboard */,
				465DFD1E275FB46800EEE8B3 /* Assets.xcassets */,
				465DFD20275FB46800EEE8B3 /* LaunchScreen.storyboard */,
				465DFD23275FB46800EEE8B3 /* Info.plist */,
				46DB736B2762578800CA2EC7 /* UoL campus walk.gpx */,
			);
			path = ArtworkOnCampus;
			sourceTree = "<group>";
		};
/* End PBXGroup section */

/* Begin PBXNativeTarget section */
		465DFD11275FB45E00EEE8B3 /* ArtworkOnCampus */ = {
			isa = PBXNativeTarget;
			buildConfigurationList = 465DFD26275FB46800EEE8B3 /* Build configuration list for PBXNativeTarget "ArtworkOnCampus" */;
			buildPhases = (
				465DFD0E275FB45E00EEE8B3 /* Sources */,
				465DFD0F275FB45E00EEE8B3 /* Frameworks */,
				465DFD10275FB45E00EEE8B3 /* Resources */,
			);
			buildRules = (
			);
			dependencies = (
			);
			name = ArtworkOnCampus;
			productName = ArtworkOnCampus;
			productReference = 465DFD12275FB45E00EEE8B3 /* ArtworkOnCampus.app */;
			productType = "com.apple.product-type.application";
		};
/* End PBXNativeTarget section */

/* Begin PBXProject section */
		465DFD0A275FB45E00EEE8B3 /* Project object */ = {
			isa = PBXProject;
			attributes = {
				LastSwiftUpdateCheck = 1210;
				LastUpgradeCheck = 1210;
				TargetAttributes = {
					465DFD11275FB45E00EEE8B3 = {
						CreatedOnToolsVersion = 12.1;
					};
				};
			};
			buildConfigurationList = 465DFD0D275FB45E00EEE8B3 /* Build configuration list for PBXProject "ArtworkOnCampus" */;
			compatibilityVersion = "Xcode 9.3";
			developmentRegion = en;
			hasScannedForEncodings = 0;
			knownRegions = (
				en,
				Base,
			);
			mainGroup = 465DFD09275FB45E00EEE8B3;
			productRefGroup = 465DFD13275FB45E00EEE8B3 /* Products */;
			projectDirPath = "";
			projectRoot = "";
			targets = (
				465DFD11275FB45E00EEE8B3 /* ArtworkOnCampus */,
			);
		};
/* End PBXProject section */

/* Begin PBXResourcesBuildPhase section */
		465DFD10275FB45E00EEE8B3 /* Resources */ = {
			isa = PBXResourcesBuildPhase;
			buildActionMask = 2147483647;
			files = (
				46DB736C2762578800CA2EC7 /* UoL campus walk.gpx in Resources */,
				465DFD22275FB46800EEE8B3 /* LaunchScreen.storyboard in Resources */,
				465DFD1F275FB46800EEE8B3 /* Assets.xcassets in Resources */,
				465DFD1D275FB45E00EEE8B3 /* Main.storyboard in Resources */,
			);
			runOnlyForDeploymentPostprocessing = 0;
		};
/* End PBXResourcesBuildPhase section */

/* Begin PBXSourcesBuildPhase section */
		465DFD0E275FB45E00EEE8B3 /* Sources */ = {
			isa = PBXSourcesBuildPhase;
			buildActionMask = 2147483647;
			files = (
				465DFD1A275FB45E00EEE8B3 /* ViewController.swift in Sources */,
				46721D4827637E73002B967A /* CustomTableViewCell.swift in Sources */,
				465DFD16275FB45E00EEE8B3 /* AppDelegate.swift in Sources */,
				46BB622B276362AB00D6B67C /* ArtDetailsController.swift in Sources */,
				465DFD18275FB45E00EEE8B3 /* SceneDelegate.swift in Sources */,
			);
			runOnlyForDeploymentPostprocessing = 0;
		};
/* End PBXSourcesBuildPhase section */

/* Begin PBXVariantGroup section */
		465DFD1B275FB45E00EEE8B3 /* Main.storyboard */ = {
			isa = PBXVariantGroup;
			children = (
				465DFD1C275FB45E00EEE8B3 /* Base */,
			);
			name = Main.storyboard;
			sourceTree = "<group>";
		};
		465DFD20275FB46800EEE8B3 /* LaunchScreen.storyboard */ = {
			isa = PBXVariantGroup;
			children = (
				465DFD21275FB46800EEE8B3 /* Base */,
			);
			name = LaunchScreen.storyboard;
			sourceTree = "<group>";
		};
/* End PBXVariantGroup section */

/* Begin XCBuildConfiguration section */
		465DFD24275FB46800EEE8B3 /* Debug */ = {
			isa = XCBuildConfiguration;
			buildSettings = {
				ALWAYS_SEARCH_USER_PATHS = NO;
				CLANG_ANALYZER_NONNULL = YES;
				CLANG_ANALYZER_NUMBER_OBJECT_CONVERSION = YES_AGGRESSIVE;
				CLANG_CXX_LANGUAGE_STANDARD = "gnu++14";
				CLANG_CXX_LIBRARY = "libc++";
				CLANG_ENABLE_MODULES = YES;
				CLANG_ENABLE_OBJC_ARC = YES;
				CLANG_ENABLE_OBJC_WEAK = YES;
				CLANG_WARN_BLOCK_CAPTURE_AUTORELEASING = YES;
				CLANG_WARN_BOOL_CONVERSION = YES;
				CLANG_WARN_COMMA = YES;
				CLANG_WARN_CONSTANT_CONVERSION = YES;
				CLANG_WARN_DEPRECATED_OBJC_IMPLEMENTATIONS = YES;
				CLANG_WARN_DIRECT_OBJC_ISA_USAGE = YES_ERROR;
				CLANG_WARN_DOCUMENTATION_COMMENTS = YES;
				CLANG_WARN_EMPTY_BODY = YES;
				CLANG_WARN_ENUM_CONVERSION = YES;
				CLANG_WARN_INFINITE_RECURSION = YES;
				CLANG_WARN_INT_CONVERSION = YES;
				CLANG_WARN_NON_LITERAL_NULL_CONVERSION = YES;
				CLANG_WARN_OBJC_IMPLICIT_RETAIN_SELF = YES;
				CLANG_WARN_OBJC_LITERAL_CONVERSION = YES;
				CLANG_WARN_OBJC_ROOT_CLASS = YES_ERROR;
				CLANG_WARN_QUOTED_INCLUDE_IN_FRAMEWORK_HEADER = YES;
				CLANG_WARN_RANGE_LOOP_ANALYSIS = YES;
				CLANG_WARN_STRICT_PROTOTYPES = YES;
				CLANG_WARN_SUSPICIOUS_MOVE = YES;
				CLANG_WARN_UNGUARDED_AVAILABILITY = YES_AGGRESSIVE;
				CLANG_WARN_UNREACHABLE_CODE = YES;
				CLANG_WARN__DUPLICATE_METHOD_MATCH = YES;
				COPY_PHASE_STRIP = NO;
				DEBUG_INFORMATION_FORMAT = dwarf;
				ENABLE_STRICT_OBJC_MSGSEND = YES;
				ENABLE_TESTABILITY = YES;
				GCC_C_LANGUAGE_STANDARD = gnu11;
				GCC_DYNAMIC_NO_PIC = NO;
				GCC_NO_COMMON_BLOCKS = YES;
				GCC_OPTIMIZATION_LEVEL = 0;
				GCC_PREPROCESSOR_DEFINITIONS = (
					"DEBUG=1",
					"$(inherited)",
				);
				GCC_WARN_64_TO_32_BIT_CONVERSION = YES;
				GCC_WARN_ABOUT_RETURN_TYPE = YES_ERROR;
				GCC_WARN_UNDECLARED_SELECTOR = YES;
				GCC_WARN_UNINITIALIZED_AUTOS = YES_AGGRESSIVE;
				GCC_WARN_UNUSED_FUNCTION = YES;
				GCC_WARN_UNUSED_VARIABLE = YES;
				IPHONEOS_DEPLOYMENT_TARGET = 14.1;
				MTL_ENABLE_DEBUG_INFO = INCLUDE_SOURCE;
				MTL_FAST_MATH = YES;
				ONLY_ACTIVE_ARCH = YES;
				SDKROOT = iphoneos;
				SWIFT_ACTIVE_COMPILATION_CONDITIONS = DEBUG;
				SWIFT_OPTIMIZATION_LEVEL = "-Onone";
			};
			name = Debug;
		};
		465DFD25275FB46800EEE8B3 /* Release */ = {
			isa = XCBuildConfiguration;
			buildSettings = {
				ALWAYS_SEARCH_USER_PATHS = NO;
				CLANG_ANALYZER_NONNULL = YES;
				CLANG_ANALYZER_NUMBER_OBJECT_CONVERSION = YES_AGGRESSIVE;
				CLANG_CXX_LANGUAGE_STANDARD = "gnu++14";
				CLANG_CXX_LIBRARY = "libc++";
				CLANG_ENABLE_MODULES = YES;
				CLANG_ENABLE_OBJC_ARC = YES;
				CLANG_ENABLE_OBJC_WEAK = YES;
				CLANG_WARN_BLOCK_CAPTURE_AUTORELEASING = YES;
				CLANG_WARN_BOOL_CONVERSION = YES;
				CLANG_WARN_COMMA = YES;
				CLANG_WARN_CONSTANT_CONVERSION = YES;
				CLANG_WARN_DEPRECATED_OBJC_IMPLEMENTATIONS = YES;
				CLANG_WARN_DIRECT_OBJC_ISA_USAGE = YES_ERROR;
				CLANG_WARN_DOCUMENTATION_COMMENTS = YES;
				CLANG_WARN_EMPTY_BODY = YES;
				CLANG_WARN_ENUM_CONVERSION = YES;
				CLANG_WARN_INFINITE_RECURSION = YES;
				CLANG_WARN_INT_CONVERSION = YES;
				CLANG_WARN_NON_LITERAL_NULL_CONVERSION = YES;
				CLANG_WARN_OBJC_IMPLICIT_RETAIN_SELF = YES;
				CLANG_WARN_OBJC_LITERAL_CONVERSION = YES;
				CLANG_WARN_OBJC_ROOT_CLASS = YES_ERROR;
				CLANG_WARN_QUOTED_INCLUDE_IN_FRAMEWORK_HEADER = YES;
				CLANG_WARN_RANGE_LOOP_ANALYSIS = YES;
				CLANG_WARN_STRICT_PROTOTYPES = YES;
				CLANG_WARN_SUSPICIOUS_MOVE = YES;
				CLANG_WARN_UNGUARDED_AVAILABILITY = YES_AGGRESSIVE;
				CLANG_WARN_UNREACHABLE_CODE = YES;
				CLANG_WARN__DUPLICATE_METHOD_MATCH = YES;
				COPY_PHASE_STRIP = NO;
				DEBUG_INFORMATION_FORMAT = "dwarf-with-dsym";
				ENABLE_NS_ASSERTIONS = NO;
				ENABLE_STRICT_OBJC_MSGSEND = YES;
				GCC_C_LANGUAGE_STANDARD = gnu11;
				GCC_NO_COMMON_BLOCKS = YES;
				GCC_WARN_64_TO_32_BIT_CONVERSION = YES;
				GCC_WARN_ABOUT_RETURN_TYPE = YES_ERROR;
				GCC_WARN_UNDECLARED_SELECTOR = YES;
				GCC_WARN_UNINITIALIZED_AUTOS = YES_AGGRESSIVE;
				GCC_WARN_UNUSED_FUNCTION = YES;
				GCC_WARN_UNUSED_VARIABLE = YES;
				IPHONEOS_DEPLOYMENT_TARGET = 14.1;
				MTL_ENABLE_DEBUG_INFO = NO;
				MTL_FAST_MATH = YES;
				SDKROOT = iphoneos;
				SWIFT_COMPILATION_MODE = wholemodule;
				SWIFT_OPTIMIZATION_LEVEL = "-O";
				VALIDATE_PRODUCT = YES;
			};
			name = Release;
		};
		465DFD27275FB46800EEE8B3 /* Debug */ = {
			isa = XCBuildConfiguration;
			buildSettings = {
				ASSETCATALOG_COMPILER_APPICON_NAME = AppIcon;
				ASSETCATALOG_COMPILER_GLOBAL_ACCENT_COLOR_NAME = AccentColor;
				CODE_SIGN_STYLE = Automatic;
				INFOPLIST_FILE = ArtworkOnCampus/Info.plist;
				IPHONEOS_DEPLOYMENT_TARGET = 14.0;
				LD_RUNPATH_SEARCH_PATHS = (
					"$(inherited)",
					"@executable_path/Frameworks",
				);
				PRODUCT_BUNDLE_IDENTIFIER = com.firsttimers.ArtworkOnCampus;
				PRODUCT_NAME = "$(TARGET_NAME)";
				SWIFT_VERSION = 5.0;
				TARGETED_DEVICE_FAMILY = "1,2";
			};
			name = Debug;
		};
		465DFD28275FB46800EEE8B3 /* Release */ = {
			isa = XCBuildConfiguration;
			buildSettings = {
				ASSETCATALOG_COMPILER_APPICON_NAME = AppIcon;
				ASSETCATALOG_COMPILER_GLOBAL_ACCENT_COLOR_NAME = AccentColor;
				CODE_SIGN_STYLE = Automatic;
				INFOPLIST_FILE = ArtworkOnCampus/Info.plist;
				IPHONEOS_DEPLOYMENT_TARGET = 14.0;
				LD_RUNPATH_SEARCH_PATHS = (
					"$(inherited)",
					"@executable_path/Frameworks",
				);
				PRODUCT_BUNDLE_IDENTIFIER = com.firsttimers.ArtworkOnCampus;
				PRODUCT_NAME = "$(TARGET_NAME)";
				SWIFT_VERSION = 5.0;
				TARGETED_DEVICE_FAMILY = "1,2";
			};
			name = Release;
		};
/* End XCBuildConfiguration section */

/* Begin XCConfigurationList section */
		465DFD0D275FB45E00EEE8B3 /* Build configuration list for PBXProject "ArtworkOnCampus" */ = {
			isa = XCConfigurationList;
			buildConfigurations = (
				465DFD24275FB46800EEE8B3 /* Debug */,
				465DFD25275FB46800EEE8B3 /* Release */,
			);
			defaultConfigurationIsVisible = 0;
			defaultConfigurationName = Release;
		};
		465DFD26275FB46800EEE8B3 /* Build configuration list for PBXNativeTarget "ArtworkOnCampus" */ = {
			isa = XCConfigurationList;
			buildConfigurations = (
				465DFD27275FB46800EEE8B3 /* Debug */,
				465DFD28275FB46800EEE8B3 /* Release */,
			);
			defaultConfigurationIsVisible = 0;
			defaultConfigurationName = Release;
		};
/* End XCConfigurationList section */
	};
	rootObject = 465DFD0A275FB45E00EEE8B3 /* Project object */;
}
